// !$*UTF8*$!
{
	archiveVersion = 1;
	classes = {
	};
	objectVersion = 55;
	objects = {

/* Begin PBXBuildFile section */
		EC413EC928BFDF0F00EB1334 /* Magic_8App.swift in Sources */ = {isa = PBXBuildFile; fileRef = EC413EC828BFDF0F00EB1334 /* Magic_8App.swift */; };
		EC413ECB28BFDF0F00EB1334 /* Magic8View.swift in Sources */ = {isa = PBXBuildFile; fileRef = EC413ECA28BFDF0F00EB1334 /* Magic8View.swift */; };
		EC413ECD28BFDF1000EB1334 /* Assets.xcassets in Resources */ = {isa = PBXBuildFile; fileRef = EC413ECC28BFDF1000EB1334 /* Assets.xcassets */; };
		EC413ED028BFDF1000EB1334 /* Preview Assets.xcassets in Resources */ = {isa = PBXBuildFile; fileRef = EC413ECF28BFDF1000EB1334 /* Preview Assets.xcassets */; };
		EC413ED728BFE7F600EB1334 /* Triangle.swift in Sources */ = {isa = PBXBuildFile; fileRef = EC413ED628BFE7F600EB1334 /* Triangle.swift */; };
		EC413EDA28BFFE2D00EB1334 /* Model.swift in Sources */ = {isa = PBXBuildFile; fileRef = EC413ED928BFFE2D00EB1334 /* Model.swift */; };
		EC413EDC28C3800000EB1334 /* MagicTriangle.swift in Sources */ = {isa = PBXBuildFile; fileRef = EC413EDB28C3800000EB1334 /* MagicTriangle.swift */; };
		EC413EE028C387DA00EB1334 /* MotionManager.swift in Sources */ = {isa = PBXBuildFile; fileRef = EC413EDF28C387DA00EB1334 /* MotionManager.swift */; };
		EC413EE828C3DBB300EB1334 /* SwiftUIShakeGesture.swift in Sources */ = {isa = PBXBuildFile; fileRef = EC413EE728C3DBB300EB1334 /* SwiftUIShakeGesture.swift */; };
		EC413EEC28CA704F00EB1334 /* AboutMe.swift in Sources */ = {isa = PBXBuildFile; fileRef = EC413EEB28CA704F00EB1334 /* AboutMe.swift */; };
		EC96F7F028CE703300803E13 /* Launch Screen.storyboard in Resources */ = {isa = PBXBuildFile; fileRef = EC96F7EF28CE703300803E13 /* Launch Screen.storyboard */; };
/* End PBXBuildFile section */

/* Begin PBXFileReference section */
		EC413EC528BFDF0F00EB1334 /* Magic 8.app */ = {isa = PBXFileReference; explicitFileType = wrapper.application; includeInIndex = 0; path = "Magic 8.app"; sourceTree = BUILT_PRODUCTS_DIR; };
		EC413EC828BFDF0F00EB1334 /* Magic_8App.swift */ = {isa = PBXFileReference; lastKnownFileType = sourcecode.swift; path = Magic_8App.swift; sourceTree = "<group>"; };
		EC413ECA28BFDF0F00EB1334 /* Magic8View.swift */ = {isa = PBXFileReference; lastKnownFileType = sourcecode.swift; path = Magic8View.swift; sourceTree = "<group>"; };
		EC413ECC28BFDF1000EB1334 /* Assets.xcassets */ = {isa = PBXFileReference; lastKnownFileType = folder.assetcatalog; path = Assets.xcassets; sourceTree = "<group>"; };
		EC413ECF28BFDF1000EB1334 /* Preview Assets.xcassets */ = {isa = PBXFileReference; lastKnownFileType = folder.assetcatalog; path = "Preview Assets.xcassets"; sourceTree = "<group>"; };
		EC413ED628BFE7F600EB1334 /* Triangle.swift */ = {isa = PBXFileReference; lastKnownFileType = sourcecode.swift; path = Triangle.swift; sourceTree = "<group>"; };
		EC413ED928BFFE2D00EB1334 /* Model.swift */ = {isa = PBXFileReference; lastKnownFileType = sourcecode.swift; path = Model.swift; sourceTree = "<group>"; };
		EC413EDB28C3800000EB1334 /* MagicTriangle.swift */ = {isa = PBXFileReference; lastKnownFileType = sourcecode.swift; path = MagicTriangle.swift; sourceTree = "<group>"; };
		EC413EDF28C387DA00EB1334 /* MotionManager.swift */ = {isa = PBXFileReference; lastKnownFileType = sourcecode.swift; path = MotionManager.swift; sourceTree = "<group>"; };
		EC413EE728C3DBB300EB1334 /* SwiftUIShakeGesture.swift */ = {isa = PBXFileReference; lastKnownFileType = sourcecode.swift; path = SwiftUIShakeGesture.swift; sourceTree = "<group>"; };
		EC413EEB28CA704F00EB1334 /* AboutMe.swift */ = {isa = PBXFileReference; lastKnownFileType = sourcecode.swift; path = AboutMe.swift; sourceTree = "<group>"; };
		EC96F7EF28CE703300803E13 /* Launch Screen.storyboard */ = {isa = PBXFileReference; lastKnownFileType = file.storyboard; path = "Launch Screen.storyboard"; sourceTree = "<group>"; };
/* End PBXFileReference section */

/* Begin PBXFrameworksBuildPhase section */
		EC413EC228BFDF0F00EB1334 /* Frameworks */ = {
			isa = PBXFrameworksBuildPhase;
			buildActionMask = 2147483647;
			files = (
			);
			runOnlyForDeploymentPostprocessing = 0;
		};
/* End PBXFrameworksBuildPhase section */

/* Begin PBXGroup section */
		EC413EBC28BFDF0F00EB1334 = {
			isa = PBXGroup;
			children = (
				EC413EC728BFDF0F00EB1334 /* Magic 8 */,
				EC413EC628BFDF0F00EB1334 /* Products */,
			);
			sourceTree = "<group>";
		};
		EC413EC628BFDF0F00EB1334 /* Products */ = {
			isa = PBXGroup;
			children = (
				EC413EC528BFDF0F00EB1334 /* Magic 8.app */,
			);
			name = Products;
			sourceTree = "<group>";
		};
		EC413EC728BFDF0F00EB1334 /* Magic 8 */ = {
			isa = PBXGroup;
			children = (
				EC413EE728C3DBB300EB1334 /* SwiftUIShakeGesture.swift */,
				EC413EDF28C387DA00EB1334 /* MotionManager.swift */,
				EC413ED628BFE7F600EB1334 /* Triangle.swift */,
				EC413ED928BFFE2D00EB1334 /* Model.swift */,
				EC96F7F128D1039B00803E13 /* Views */,
				EC413EC828BFDF0F00EB1334 /* Magic_8App.swift */,
				EC96F7EF28CE703300803E13 /* Launch Screen.storyboard */,
				EC413ECC28BFDF1000EB1334 /* Assets.xcassets */,
				EC413ECE28BFDF1000EB1334 /* Preview Content */,
			);
			path = "Magic 8";
			sourceTree = "<group>";
		};
		EC413ECE28BFDF1000EB1334 /* Preview Content */ = {
			isa = PBXGroup;
			children = (
				EC413ECF28BFDF1000EB1334 /* Preview Assets.xcassets */,
			);
			path = "Preview Content";
			sourceTree = "<group>";
		};
		EC96F7F128D1039B00803E13 /* Views */ = {
			isa = PBXGroup;
			children = (
				EC413ECA28BFDF0F00EB1334 /* Magic8View.swift */,
				EC413EDB28C3800000EB1334 /* MagicTriangle.swift */,
				EC413EEB28CA704F00EB1334 /* AboutMe.swift */,
			);
			path = Views;
			sourceTree = "<group>";
		};
/* End PBXGroup section */

/* Begin PBXNativeTarget section */
		EC413EC428BFDF0F00EB1334 /* Magic 8 */ = {
			isa = PBXNativeTarget;
			buildConfigurationList = EC413ED328BFDF1000EB1334 /* Build configuration list for PBXNativeTarget "Magic 8" */;
			buildPhases = (
				EC413EC128BFDF0F00EB1334 /* Sources */,
				EC413EC228BFDF0F00EB1334 /* Frameworks */,
				EC413EC328BFDF0F00EB1334 /* Resources */,
			);
			buildRules = (
			);
			dependencies = (
			);
			name = "Magic 8";
			productName = "Magic 8 iPhone";
			productReference = EC413EC528BFDF0F00EB1334 /* Magic 8.app */;
			productType = "com.apple.product-type.application";
		};
/* End PBXNativeTarget section */

/* Begin PBXProject section */
		EC413EBD28BFDF0F00EB1334 /* Project object */ = {
			isa = PBXProject;
			attributes = {
				BuildIndependentTargetsInParallel = 1;
				LastSwiftUpdateCheck = 1340;
				LastUpgradeCheck = 1340;
				TargetAttributes = {
					EC413EC428BFDF0F00EB1334 = {
						CreatedOnToolsVersion = 13.4.1;
					};
				};
			};
			buildConfigurationList = EC413EC028BFDF0F00EB1334 /* Build configuration list for PBXProject "Magic 8" */;
			compatibilityVersion = "Xcode 13.0";
			developmentRegion = en;
			hasScannedForEncodings = 0;
			knownRegions = (
				en,
				Base,
			);
			mainGroup = EC413EBC28BFDF0F00EB1334;
			productRefGroup = EC413EC628BFDF0F00EB1334 /* Products */;
			projectDirPath = "";
			projectRoot = "";
			targets = (
				EC413EC428BFDF0F00EB1334 /* Magic 8 */,
			);
		};
/* End PBXProject section */

/* Begin PBXResourcesBuildPhase section */
		EC413EC328BFDF0F00EB1334 /* Resources */ = {
			isa = PBXResourcesBuildPhase;
			buildActionMask = 2147483647;
			files = (
				EC96F7F028CE703300803E13 /* Launch Screen.storyboard in Resources */,
				EC413ED028BFDF1000EB1334 /* Preview Assets.xcassets in Resources */,
				EC413ECD28BFDF1000EB1334 /* Assets.xcassets in Resources */,
			);
			runOnlyForDeploymentPostprocessing = 0;
		};
/* End PBXResourcesBuildPhase section */

/* Begin PBXSourcesBuildPhase section */
		EC413EC128BFDF0F00EB1334 /* Sources */ = {
			isa = PBXSourcesBuildPhase;
			buildActionMask = 2147483647;
			files = (
				EC413EDA28BFFE2D00EB1334 /* Model.swift in Sources */,
				EC413EE028C387DA00EB1334 /* MotionManager.swift in Sources */,
				EC413ED728BFE7F600EB1334 /* Triangle.swift in Sources */,
				EC413ECB28BFDF0F00EB1334 /* Magic8View.swift in Sources */,
				EC413EC928BFDF0F00EB1334 /* Magic_8App.swift in Sources */,
				EC413EEC28CA704F00EB1334 /* AboutMe.swift in Sources */,
				EC413EE828C3DBB300EB1334 /* SwiftUIShakeGesture.swift in Sources */,
				EC413EDC28C3800000EB1334 /* MagicTriangle.swift in Sources */,
			);
			runOnlyForDeploymentPostprocessing = 0;
		};
/* End PBXSourcesBuildPhase section */

/* Begin XCBuildConfiguration section */
		EC413ED128BFDF1000EB1334 /* Debug */ = {
			isa = XCBuildConfiguration;
			buildSettings = {
				ALWAYS_SEARCH_USER_PATHS = NO;
				CLANG_ANALYZER_NONNULL = YES;
				CLANG_ANALYZER_NUMBER_OBJECT_CONVERSION = YES_AGGRESSIVE;
				CLANG_CXX_LANGUAGE_STANDARD = "gnu++17";
				CLANG_ENABLE_MODULES = YES;
				CLANG_ENABLE_OBJC_ARC = YES;
				CLANG_ENABLE_OBJC_WEAK = YES;
				CLANG_WARN_BLOCK_CAPTURE_AUTORELEASING = YES;
				CLANG_WARN_BOOL_CONVERSION = YES;
				CLANG_WARN_COMMA = YES;
				CLANG_WARN_CONSTANT_CONVERSION = YES;
				CLANG_WARN_DEPRECATED_OBJC_IMPLEMENTATIONS = YES;
				CLANG_WARN_DIRECT_OBJC_ISA_USAGE = YES_ERROR;
				CLANG_WARN_DOCUMENTATION_COMMENTS = YES;
				CLANG_WARN_EMPTY_BODY = YES;
				CLANG_WARN_ENUM_CONVERSION = YES;
				CLANG_WARN_INFINITE_RECURSION = YES;
				CLANG_WARN_INT_CONVERSION = YES;
				CLANG_WARN_NON_LITERAL_NULL_CONVERSION = YES;
				CLANG_WARN_OBJC_IMPLICIT_RETAIN_SELF = YES;
				CLANG_WARN_OBJC_LITERAL_CONVERSION = YES;
				CLANG_WARN_OBJC_ROOT_CLASS = YES_ERROR;
				CLANG_WARN_QUOTED_INCLUDE_IN_FRAMEWORK_HEADER = YES;
				CLANG_WARN_RANGE_LOOP_ANALYSIS = YES;
				CLANG_WARN_STRICT_PROTOTYPES = YES;
				CLANG_WARN_SUSPICIOUS_MOVE = YES;
				CLANG_WARN_UNGUARDED_AVAILABILITY = YES_AGGRESSIVE;
				CLANG_WARN_UNREACHABLE_CODE = YES;
				CLANG_WARN__DUPLICATE_METHOD_MATCH = YES;
				COPY_PHASE_STRIP = NO;
				DEBUG_INFORMATION_FORMAT = dwarf;
				ENABLE_STRICT_OBJC_MSGSEND = YES;
				ENABLE_TESTABILITY = YES;
				GCC_C_LANGUAGE_STANDARD = gnu11;
				GCC_DYNAMIC_NO_PIC = NO;
				GCC_NO_COMMON_BLOCKS = YES;
				GCC_OPTIMIZATION_LEVEL = 0;
				GCC_PREPROCESSOR_DEFINITIONS = (
					"DEBUG=1",
					"$(inherited)",
				);
				GCC_WARN_64_TO_32_BIT_CONVERSION = YES;
				GCC_WARN_ABOUT_RETURN_TYPE = YES_ERROR;
				GCC_WARN_UNDECLARED_SELECTOR = YES;
				GCC_WARN_UNINITIALIZED_AUTOS = YES_AGGRESSIVE;
				GCC_WARN_UNUSED_FUNCTION = YES;
				GCC_WARN_UNUSED_VARIABLE = YES;
				IPHONEOS_DEPLOYMENT_TARGET = 15.5;
				MTL_ENABLE_DEBUG_INFO = INCLUDE_SOURCE;
				MTL_FAST_MATH = YES;
				ONLY_ACTIVE_ARCH = YES;
				SDKROOT = iphoneos;
				SWIFT_ACTIVE_COMPILATION_CONDITIONS = DEBUG;
				SWIFT_OPTIMIZATION_LEVEL = "-Onone";
			};
			name = Debug;
		};
		EC413ED228BFDF1000EB1334 /* Release */ = {
			isa = XCBuildConfiguration;
			buildSettings = {
				ALWAYS_SEARCH_USER_PATHS = NO;
				CLANG_ANALYZER_NONNULL = YES;
				CLANG_ANALYZER_NUMBER_OBJECT_CONVERSION = YES_AGGRESSIVE;
				CLANG_CXX_LANGUAGE_STANDARD = "gnu++17";
				CLANG_ENABLE_MODULES = YES;
				CLANG_ENABLE_OBJC_ARC = YES;
				CLANG_ENABLE_OBJC_WEAK = YES;
				CLANG_WARN_BLOCK_CAPTURE_AUTORELEASING = YES;
				CLANG_WARN_BOOL_CONVERSION = YES;
				CLANG_WARN_COMMA = YES;
				CLANG_WARN_CONSTANT_CONVERSION = YES;
				CLANG_WARN_DEPRECATED_OBJC_IMPLEMENTATIONS = YES;
				CLANG_WARN_DIRECT_OBJC_ISA_USAGE = YES_ERROR;
				CLANG_WARN_DOCUMENTATION_COMMENTS = YES;
				CLANG_WARN_EMPTY_BODY = YES;
				CLANG_WARN_ENUM_CONVERSION = YES;
				CLANG_WARN_INFINITE_RECURSION = YES;
				CLANG_WARN_INT_CONVERSION = YES;
				CLANG_WARN_NON_LITERAL_NULL_CONVERSION = YES;
				CLANG_WARN_OBJC_IMPLICIT_RETAIN_SELF = YES;
				CLANG_WARN_OBJC_LITERAL_CONVERSION = YES;
				CLANG_WARN_OBJC_ROOT_CLASS = YES_ERROR;
				CLANG_WARN_QUOTED_INCLUDE_IN_FRAMEWORK_HEADER = YES;
				CLANG_WARN_RANGE_LOOP_ANALYSIS = YES;
				CLANG_WARN_STRICT_PROTOTYPES = YES;
				CLANG_WARN_SUSPICIOUS_MOVE = YES;
				CLANG_WARN_UNGUARDED_AVAILABILITY = YES_AGGRESSIVE;
				CLANG_WARN_UNREACHABLE_CODE = YES;
				CLANG_WARN__DUPLICATE_METHOD_MATCH = YES;
				COPY_PHASE_STRIP = NO;
				DEBUG_INFORMATION_FORMAT = "dwarf-with-dsym";
				ENABLE_NS_ASSERTIONS = NO;
				ENABLE_STRICT_OBJC_MSGSEND = YES;
				GCC_C_LANGUAGE_STANDARD = gnu11;
				GCC_NO_COMMON_BLOCKS = YES;
				GCC_WARN_64_TO_32_BIT_CONVERSION = YES;
				GCC_WARN_ABOUT_RETURN_TYPE = YES_ERROR;
				GCC_WARN_UNDECLARED_SELECTOR = YES;
				GCC_WARN_UNINITIALIZED_AUTOS = YES_AGGRESSIVE;
				GCC_WARN_UNUSED_FUNCTION = YES;
				GCC_WARN_UNUSED_VARIABLE = YES;
				IPHONEOS_DEPLOYMENT_TARGET = 15.5;
				MTL_ENABLE_DEBUG_INFO = NO;
				MTL_FAST_MATH = YES;
				SDKROOT = iphoneos;
				SWIFT_COMPILATION_MODE = wholemodule;
				SWIFT_OPTIMIZATION_LEVEL = "-O";
				VALIDATE_PRODUCT = YES;
			};
			name = Release;
		};
		EC413ED428BFDF1000EB1334 /* Debug */ = {
			isa = XCBuildConfiguration;
			buildSettings = {
				ASSETCATALOG_COMPILER_APPICON_NAME = AppIcon;
				ASSETCATALOG_COMPILER_GLOBAL_ACCENT_COLOR_NAME = AccentColor;
				CODE_SIGN_STYLE = Automatic;
				CURRENT_PROJECT_VERSION = 1;
				DEVELOPMENT_ASSET_PATHS = "\"Magic 8/Preview Content\"";
				DEVELOPMENT_TEAM = K3GPQDGVF5;
				ENABLE_PREVIEWS = YES;
				GENERATE_INFOPLIST_FILE = YES;
				INFOPLIST_FILE = "Magic-8-iPhone-Info.plist";
				INFOPLIST_KEY_UIApplicationSceneManifest_Generation = YES;
				INFOPLIST_KEY_UIApplicationSupportsIndirectInputEvents = YES;
				INFOPLIST_KEY_UILaunchStoryboardName = "Launch Screen";
				INFOPLIST_KEY_UISupportedInterfaceOrientations_iPad = "UIInterfaceOrientationPortrait UIInterfaceOrientationPortraitUpsideDown UIInterfaceOrientationLandscapeLeft UIInterfaceOrientationLandscapeRight";
				INFOPLIST_KEY_UISupportedInterfaceOrientations_iPhone = UIInterfaceOrientationPortrait;
				INFOPLIST_KEY_UIUserInterfaceStyle = Dark;
				LD_RUNPATH_SEARCH_PATHS = (
					"$(inherited)",
					"@executable_path/Frameworks",
				);
				MARKETING_VERSION = 1.0;
				PRODUCT_BUNDLE_IDENTIFIER = "com.example.Magic-8";
				PRODUCT_NAME = "$(TARGET_NAME)";
				SWIFT_EMIT_LOC_STRINGS = YES;
				SWIFT_VERSION = 5.0;
				TARGETED_DEVICE_FAMILY = "1,2";
			};
			name = Debug;
		};
		EC413ED528BFDF1000EB1334 /* Release */ = {
			isa = XCBuildConfiguration;
			buildSettings = {
				ASSETCATALOG_COMPILER_APPICON_NAME = AppIcon;
				ASSETCATALOG_COMPILER_GLOBAL_ACCENT_COLOR_NAME = AccentColor;
				CODE_SIGN_STYLE = Automatic;
				CURRENT_PROJECT_VERSION = 1;
				DEVELOPMENT_ASSET_PATHS = "\"Magic 8/Preview Content\"";
				DEVELOPMENT_TEAM = K3GPQDGVF5;
				ENABLE_PREVIEWS = YES;
				GENERATE_INFOPLIST_FILE = YES;
				INFOPLIST_FILE = "Magic-8-iPhone-Info.plist";
				INFOPLIST_KEY_UIApplicationSceneManifest_Generation = YES;
				INFOPLIST_KEY_UIApplicationSupportsIndirectInputEvents = YES;
				INFOPLIST_KEY_UILaunchStoryboardName = "Launch Screen";
				INFOPLIST_KEY_UISupportedInterfaceOrientations_iPad = "UIInterfaceOrientationPortrait UIInterfaceOrientationPortraitUpsideDown UIInterfaceOrientationLandscapeLeft UIInterfaceOrientationLandscapeRight";
				INFOPLIST_KEY_UISupportedInterfaceOrientations_iPhone = UIInterfaceOrientationPortrait;
				INFOPLIST_KEY_UIUserInterfaceStyle = Dark;
				LD_RUNPATH_SEARCH_PATHS = (
					"$(inherited)",
					"@executable_path/Frameworks",
				);
				MARKETING_VERSION = 1.0;
				PRODUCT_BUNDLE_IDENTIFIER = "com.example.Magic-8";
				PRODUCT_NAME = "$(TARGET_NAME)";
				SWIFT_EMIT_LOC_STRINGS = YES;
				SWIFT_VERSION = 5.0;
				TARGETED_DEVICE_FAMILY = "1,2";
			};
			name = Release;
		};
/* End XCBuildConfiguration section */

/* Begin XCConfigurationList section */
		EC413EC028BFDF0F00EB1334 /* Build configuration list for PBXProject "Magic 8" */ = {
			isa = XCConfigurationList;
			buildConfigurations = (
				EC413ED128BFDF1000EB1334 /* Debug */,
				EC413ED228BFDF1000EB1334 /* Release */,
			);
			defaultConfigurationIsVisible = 0;
			defaultConfigurationName = Release;
		};
		EC413ED328BFDF1000EB1334 /* Build configuration list for PBXNativeTarget "Magic 8" */ = {
			isa = XCConfigurationList;
			buildConfigurations = (
				EC413ED428BFDF1000EB1334 /* Debug */,
				EC413ED528BFDF1000EB1334 /* Release */,
			);
			defaultConfigurationIsVisible = 0;
			defaultConfigurationName = Release;
		};
/* End XCConfigurationList section */
	};
	rootObject = EC413EBD28BFDF0F00EB1334 /* Project object */;
}
